
Microsoft Visual Studio Solution File, Format Version 12.00
# Visual Studio Version 17
VisualStudioVersion = 17.6.33712.159
MinimumVisualStudioVersion = 10.0.40219.1
Project("{C9674DCB-5085-4A16-B785-4C70DD1589BD}") = "LoanBanking-ETL", "LoanBanking-ETL.dtproj", "{246B6804-AE3D-4807-B98F-3C2C3AD20329}"
EndProject
Global
	GlobalSection(SolutionConfigurationPlatforms) = preSolution
		Development|Default = Development|Default
	EndGlobalSection
	GlobalSection(ProjectConfigurationPlatforms) = postSolution
		{246B6804-AE3D-4807-B98F-3C2C3AD20329}.Development|Default.ActiveCfg = Development
		{246B6804-AE3D-4807-B98F-3C2C3AD20329}.Development|Default.Build.0 = Development
	EndGlobalSection
	GlobalSection(SolutionProperties) = preSolution
		HideSolutionNode = FALSE
	EndGlobalSection
	GlobalSection(ExtensibilityGlobals) = postSolution
		SolutionGuid = {259D60F9-0CED-401A-9CC5-EE137A5004DE}
	EndGlobalSection
EndGlobal
